
Microsoft Visual Studio Solution File, Format Version 12.00
# Visual Studio Version 17
VisualStudioVersion = 17.5.002.0
MinimumVisualStudioVersion = 10.0.40219.1
Project("{9A19103F-16F7-4668-BE54-9A1E7A4F7556}") = "RobotSim.Console", "RobotSim.Console\RobotSim.Console.csproj", "{DD9918F8-0488-4761-8789-9FABEFD6477F}"
EndProject
Project("{9A19103F-16F7-4668-BE54-9A1E7A4F7556}") = "RobotSim.AcceptanceTests", "RobotSim.AcceptanceTests\RobotSim.AcceptanceTests.csproj", "{154B7A24-22D8-40CF-AF9D-D2376FE1131F}"
EndProject
Project("{9A19103F-16F7-4668-BE54-9A1E7A4F7556}") = "RobotSim.UnitTests", "RobotSim.UnitTests\RobotSim.UnitTests.csproj", "{A2C0F5BA-3525-4169-9C44-38AB8A147F5E}"
EndProject
Project("{2150E333-8FDC-42A3-9474-1A3956D46DE8}") = "Solution Items", "Solution Items", "{6DD769E3-FA6F-4C5A-9C1E-F53DDB875B45}"
	ProjectSection(SolutionItems) = preProject
		.gitignore = .gitignore
		README.md = README.md
	EndProjectSection
EndProject
Project("{2150E333-8FDC-42A3-9474-1A3956D46DE8}") = "Tests", "Tests", "{0ACC682A-2FEF-4E5A-BBBC-EB81D8BB585F}"
EndProject
Project("{9A19103F-16F7-4668-BE54-9A1E7A4F7556}") = "RobotSim.Domain", "RobotSim.Domain\RobotSim.Domain.csproj", "{E98D5FB5-5A73-4DE6-8299-694A7B80EB0D}"
EndProject
Global
	GlobalSection(SolutionConfigurationPlatforms) = preSolution
		Debug|Any CPU = Debug|Any CPU
		Release|Any CPU = Release|Any CPU
	EndGlobalSection
	GlobalSection(ProjectConfigurationPlatforms) = postSolution
		{DD9918F8-0488-4761-8789-9FABEFD6477F}.Debug|Any CPU.ActiveCfg = Debug|Any CPU
		{DD9918F8-0488-4761-8789-9FABEFD6477F}.Debug|Any CPU.Build.0 = Debug|Any CPU
		{DD9918F8-0488-4761-8789-9FABEFD6477F}.Release|Any CPU.ActiveCfg = Release|Any CPU
		{DD9918F8-0488-4761-8789-9FABEFD6477F}.Release|Any CPU.Build.0 = Release|Any CPU
		{154B7A24-22D8-40CF-AF9D-D2376FE1131F}.Debug|Any CPU.ActiveCfg = Debug|Any CPU
		{154B7A24-22D8-40CF-AF9D-D2376FE1131F}.Debug|Any CPU.Build.0 = Debug|Any CPU
		{154B7A24-22D8-40CF-AF9D-D2376FE1131F}.Release|Any CPU.ActiveCfg = Release|Any CPU
		{154B7A24-22D8-40CF-AF9D-D2376FE1131F}.Release|Any CPU.Build.0 = Release|Any CPU
		{A2C0F5BA-3525-4169-9C44-38AB8A147F5E}.Debug|Any CPU.ActiveCfg = Debug|Any CPU
		{A2C0F5BA-3525-4169-9C44-38AB8A147F5E}.Debug|Any CPU.Build.0 = Debug|Any CPU
		{A2C0F5BA-3525-4169-9C44-38AB8A147F5E}.Release|Any CPU.ActiveCfg = Release|Any CPU
		{A2C0F5BA-3525-4169-9C44-38AB8A147F5E}.Release|Any CPU.Build.0 = Release|Any CPU
		{E98D5FB5-5A73-4DE6-8299-694A7B80EB0D}.Debug|Any CPU.ActiveCfg = Debug|Any CPU
		{E98D5FB5-5A73-4DE6-8299-694A7B80EB0D}.Debug|Any CPU.Build.0 = Debug|Any CPU
		{E98D5FB5-5A73-4DE6-8299-694A7B80EB0D}.Release|Any CPU.ActiveCfg = Release|Any CPU
		{E98D5FB5-5A73-4DE6-8299-694A7B80EB0D}.Release|Any CPU.Build.0 = Release|Any CPU
	EndGlobalSection
	GlobalSection(SolutionProperties) = preSolution
		HideSolutionNode = FALSE
	EndGlobalSection
	GlobalSection(NestedProjects) = preSolution
		{154B7A24-22D8-40CF-AF9D-D2376FE1131F} = {0ACC682A-2FEF-4E5A-BBBC-EB81D8BB585F}
		{A2C0F5BA-3525-4169-9C44-38AB8A147F5E} = {0ACC682A-2FEF-4E5A-BBBC-EB81D8BB585F}
	EndGlobalSection
	GlobalSection(ExtensibilityGlobals) = postSolution
		SolutionGuid = {BB82B0D4-273B-42D8-AAFC-57E47C1FF690}
	EndGlobalSection
EndGlobal
